
Microsoft Visual Studio Solution File, Format Version 12.00
# Visual Studio Version 16
VisualStudioVersion = 16.0.32002.261
MinimumVisualStudioVersion = 10.0.40219.1
Project("{FAE04EC0-301F-11D3-BF4B-00C04F79EFBC}") = "ContactsWebApp.API", "ContactsWebApp.API\ContactsWebApp.API.csproj", "{D3A417DE-0BA6-4C08-92BC-68E1623E2C1F}"
EndProject
Project("{FAE04EC0-301F-11D3-BF4B-00C04F79EFBC}") = "ContactsWebApp.BLL", "ContactsWebApp.BLL\ContactsWebApp.BLL.csproj", "{D2736825-63CB-4F37-BF2A-F90275F90BB2}"
EndProject
Project("{FAE04EC0-301F-11D3-BF4B-00C04F79EFBC}") = "ContactsWebApp.DAL", "ContactsWebApp.DAL\ContactsWebApp.DAL.csproj", "{05FF3393-F3E7-4EA0-AEED-24ED9F55DED8}"
EndProject
Project("{FAE04EC0-301F-11D3-BF4B-00C04F79EFBC}") = "ContactsWebApp.Shared", "ContactsWebApp.Shared\ContactsWebApp.Shared.csproj", "{3BDF2463-5395-4EE2-B113-D1BF136F7086}"
EndProject
Global
	GlobalSection(SolutionConfigurationPlatforms) = preSolution
		Debug|Any CPU = Debug|Any CPU
		Release|Any CPU = Release|Any CPU
	EndGlobalSection
	GlobalSection(ProjectConfigurationPlatforms) = postSolution
		{D3A417DE-0BA6-4C08-92BC-68E1623E2C1F}.Debug|Any CPU.ActiveCfg = Debug|Any CPU
		{D3A417DE-0BA6-4C08-92BC-68E1623E2C1F}.Debug|Any CPU.Build.0 = Debug|Any CPU
		{D3A417DE-0BA6-4C08-92BC-68E1623E2C1F}.Release|Any CPU.ActiveCfg = Release|Any CPU
		{D3A417DE-0BA6-4C08-92BC-68E1623E2C1F}.Release|Any CPU.Build.0 = Release|Any CPU
		{D2736825-63CB-4F37-BF2A-F90275F90BB2}.Debug|Any CPU.ActiveCfg = Debug|Any CPU
		{D2736825-63CB-4F37-BF2A-F90275F90BB2}.Debug|Any CPU.Build.0 = Debug|Any CPU
		{D2736825-63CB-4F37-BF2A-F90275F90BB2}.Release|Any CPU.ActiveCfg = Release|Any CPU
		{D2736825-63CB-4F37-BF2A-F90275F90BB2}.Release|Any CPU.Build.0 = Release|Any CPU
		{05FF3393-F3E7-4EA0-AEED-24ED9F55DED8}.Debug|Any CPU.ActiveCfg = Debug|Any CPU
		{05FF3393-F3E7-4EA0-AEED-24ED9F55DED8}.Debug|Any CPU.Build.0 = Debug|Any CPU
		{05FF3393-F3E7-4EA0-AEED-24ED9F55DED8}.Release|Any CPU.ActiveCfg = Release|Any CPU
		{05FF3393-F3E7-4EA0-AEED-24ED9F55DED8}.Release|Any CPU.Build.0 = Release|Any CPU
		{3BDF2463-5395-4EE2-B113-D1BF136F7086}.Debug|Any CPU.ActiveCfg = Debug|Any CPU
		{3BDF2463-5395-4EE2-B113-D1BF136F7086}.Debug|Any CPU.Build.0 = Debug|Any CPU
		{3BDF2463-5395-4EE2-B113-D1BF136F7086}.Release|Any CPU.ActiveCfg = Release|Any CPU
		{3BDF2463-5395-4EE2-B113-D1BF136F7086}.Release|Any CPU.Build.0 = Release|Any CPU
	EndGlobalSection
	GlobalSection(SolutionProperties) = preSolution
		HideSolutionNode = FALSE
	EndGlobalSection
	GlobalSection(ExtensibilityGlobals) = postSolution
		SolutionGuid = {C9A5B28A-F1C9-407A-B8F9-C25F84BCC71E}
	EndGlobalSection
EndGlobal
